
Microsoft Visual Studio Solution File, Format Version 12.00
# Visual Studio Version 17
VisualStudioVersion = 17.12.35707.178
MinimumVisualStudioVersion = 10.0.40219.1
Project("{FAE04EC0-301F-11D3-BF4B-00C04F79EFBC}") = "AccesoDatosWInForms", "AccesoDatosWInForms.csproj", "{565B546E-77EE-4D42-B563-C24EBC763F0A}"
EndProject
Project("{2150E333-8FDC-42A3-9474-1A3956D46DE8}") = "WindowsADO", "WindowsADO", "{1BA5E61E-E038-44CF-AFF3-4879D6CBA607}"
EndProject
Global
	GlobalSection(SolutionConfigurationPlatforms) = preSolution
		Debug|Any CPU = Debug|Any CPU
		Release|Any CPU = Release|Any CPU
	EndGlobalSection
	GlobalSection(ProjectConfigurationPlatforms) = postSolution
		{565B546E-77EE-4D42-B563-C24EBC763F0A}.Debug|Any CPU.ActiveCfg = Debug|Any CPU
		{565B546E-77EE-4D42-B563-C24EBC763F0A}.Debug|Any CPU.Build.0 = Debug|Any CPU
		{565B546E-77EE-4D42-B563-C24EBC763F0A}.Release|Any CPU.ActiveCfg = Release|Any CPU
		{565B546E-77EE-4D42-B563-C24EBC763F0A}.Release|Any CPU.Build.0 = Release|Any CPU
	EndGlobalSection
	GlobalSection(SolutionProperties) = preSolution
		HideSolutionNode = FALSE
	EndGlobalSection
EndGlobal
